// !$*UTF8*$!
{
	archiveVersion = 1;
	classes = {
	};
	objectVersion = 77;
	objects = {

/* Begin PBXBuildFile section */
		01B2C3D44A5B6C7D8E9F0001 /* RocketSwingApp.swift in Sources */ = {isa = PBXBuildFile; fileRef = 01B2C3D34A5B6C7D8E9F0001 /* RocketSwingApp.swift */; };
		01B2C3D44A5B6C7D8E9F0002 /* ContentView.swift in Sources */ = {isa = PBXBuildFile; fileRef = 01B2C3D34A5B6C7D8E9F0002 /* ContentView.swift */; };
		01B2C3D44A5B6C7D8E9F0003 /* RocketSwingShortcuts.swift in Sources */ = {isa = PBXBuildFile; fileRef = 01B2C3D34A5B6C7D8E9F0003 /* RocketSwingShortcuts.swift */; };
		01B2C3D44A5B6C7D8E9F0004 /* PremiumParticle.png in Resources */ = {isa = PBXBuildFile; fileRef = 01B2C3D34A5B6C7D8E9F0004 /* PremiumParticle.png */; };
		01B2C3D44A5B6C7D8E9F0006 /* Assets.xcassets in Resources */ = {isa = PBXBuildFile; fileRef = 01B2C3D34A5B6C7D8E9F0006 /* Assets.xcassets */; };
		01B2C3D44A5B6C7D8E9F0007 /* Rocket.scnassets in Resources */ = {isa = PBXBuildFile; fileRef = 01B2C3D34A5B6C7D8E9F0007 /* Rocket.scnassets */; };
		01B2C3D44A5B6C7D8E9F0008 /* Audio in Resources */ = {isa = PBXBuildFile; fileRef = 01B2C3D34A5B6C7D8E9F0008 /* Audio */; };
/* End PBXBuildFile section */

/* Begin PBXFileReference section */
		01B2C3D14A5B6C7D8E9F0001 /* RocketSwingApp.app */ = {isa = PBXFileReference; explicitFileType = wrapper.application; includeInIndex = 0; path = RocketSwingApp.app; sourceTree = BUILT_PRODUCTS_DIR; };
		01B2C3D34A5B6C7D8E9F0001 /* RocketSwingApp.swift */ = {isa = PBXFileReference; lastKnownFileType = sourcecode.swift; path = RocketSwingApp.swift; sourceTree = "<group>"; };
		01B2C3D34A5B6C7D8E9F0002 /* ContentView.swift */ = {isa = PBXFileReference; lastKnownFileType = sourcecode.swift; path = ContentView.swift; sourceTree = "<group>"; };
		01B2C3D34A5B6C7D8E9F0003 /* RocketSwingShortcuts.swift */ = {isa = PBXFileReference; lastKnownFileType = sourcecode.swift; path = RocketSwingShortcuts.swift; sourceTree = "<group>"; };
		01B2C3D34A5B6C7D8E9F0004 /* PremiumParticle.png */ = {isa = PBXFileReference; lastKnownFileType = image.png; path = PremiumParticle.png; sourceTree = "<group>"; };
		01B2C3D34A5B6C7D8E9F0005 /* Info.plist */ = {isa = PBXFileReference; lastKnownFileType = text.plist.xml; path = Info.plist; sourceTree = "<group>"; };
		01B2C3D34A5B6C7D8E9F0006 /* Assets.xcassets */ = {isa = PBXFileReference; lastKnownFileType = folder.assetcatalog; path = Assets.xcassets; sourceTree = "<group>"; };
		01B2C3D34A5B6C7D8E9F0007 /* Rocket.scnassets */ = {isa = PBXFileReference; lastKnownFileType = folder.scnassets; path = Rocket.scnassets; sourceTree = "<group>"; };
		01B2C3D34A5B6C7D8E9F0008 /* Audio */ = {isa = PBXFileReference; lastKnownFileType = folder; path = Audio; sourceTree = "<group>"; };
/* End PBXFileReference section */

/* Begin PBXFrameworksBuildPhase section */
		01B2C3D74A5B6C7D8E9F0001 /* Frameworks */ = {
			isa = PBXFrameworksBuildPhase;
			buildActionMask = 2147483647;
			files = (
			);
			runOnlyForDeploymentPostprocessing = 0;
		};
/* End PBXFrameworksBuildPhase section */

/* Begin PBXGroup section */
		01B2C3D04A5B6C7D8E9F0001 = {
			isa = PBXGroup;
			children = (
				01B2C3D24A5B6C7D8E9F0001 /* RocketSwingApp */,
				01B2C3D24A5B6C7D8E9F0002 /* Products */,
			);
			sourceTree = "<group>";
		};
		01B2C3D24A5B6C7D8E9F0001 /* RocketSwingApp */ = {
			isa = PBXGroup;
			children = (
				01B2C3D34A5B6C7D8E9F0001 /* RocketSwingApp.swift */,
				01B2C3D34A5B6C7D8E9F0002 /* ContentView.swift */,
				01B2C3D34A5B6C7D8E9F0003 /* RocketSwingShortcuts.swift */,
				01B2C3D34A5B6C7D8E9F0004 /* PremiumParticle.png */,
				01B2C3D34A5B6C7D8E9F0006 /* Assets.xcassets */,
				01B2C3D34A5B6C7D8E9F0007 /* Rocket.scnassets */,
				01B2C3D34A5B6C7D8E9F0008 /* Audio */,
				01B2C3D34A5B6C7D8E9F0005 /* Info.plist */,
			);
			path = RocketSwingApp;
			sourceTree = "<group>";
		};
		01B2C3D24A5B6C7D8E9F0002 /* Products */ = {
			isa = PBXGroup;
			children = (
				01B2C3D14A5B6C7D8E9F0001 /* RocketSwingApp.app */,
			);
			name = Products;
			sourceTree = "<group>";
		};
/* End PBXGroup section */

/* Begin PBXNativeTarget section */
		01B2C3D54A5B6C7D8E9F0001 /* RocketSwingApp */ = {
			isa = PBXNativeTarget;
			buildConfigurationList = 01B2C3DC4A5B6C7D8E9F0001 /* Build configuration list for PBXNativeTarget "RocketSwingApp" */;
			buildPhases = (
				01B2C3D64A5B6C7D8E9F0001 /* Sources */,
				01B2C3D74A5B6C7D8E9F0001 /* Frameworks */,
				01B2C3D84A5B6C7D8E9F0001 /* Resources */,
			);
			buildRules = (
			);
			dependencies = (
			);
			name = RocketSwingApp;
			productName = RocketSwingApp;
			productReference = 01B2C3D14A5B6C7D8E9F0001 /* RocketSwingApp.app */;
			productType = "com.apple.product-type.application";
		};
/* End PBXNativeTarget section */

/* Begin PBXProject section */
		01B2C3CF4A5B6C7D8E9F0001 /* Project object */ = {
			isa = PBXProject;
			attributes = {
				BuildIndependentTargetsInParallel = 1;
				LastSwiftUpdateCheck = 2630;
				LastUpgradeCheck = 2630;
				TargetAttributes = {
					01B2C3D54A5B6C7D8E9F0001 = {
						CreatedOnToolsVersion = 26.3;
					};
				};
			};
			buildConfigurationList = 01B2C3DB4A5B6C7D8E9F0001 /* Build configuration list for PBXProject "RocketSwingApp" */;
			developmentRegion = en;
			hasScannedForEncodings = 0;
			knownRegions = (
				en,
				Base,
			);
			mainGroup = 01B2C3D04A5B6C7D8E9F0001;
			minimizedProjectReferenceProxies = 1;
			preferredProjectObjectVersion = 77;
			productRefGroup = 01B2C3D24A5B6C7D8E9F0002 /* Products */;
			projectDirPath = "";
			projectRoot = "";
			targets = (
				01B2C3D54A5B6C7D8E9F0001 /* RocketSwingApp */,
			);
		};
/* End PBXProject section */

/* Begin PBXResourcesBuildPhase section */
		01B2C3D84A5B6C7D8E9F0001 /* Resources */ = {
			isa = PBXResourcesBuildPhase;
			buildActionMask = 2147483647;
			files = (
				01B2C3D44A5B6C7D8E9F0004 /* PremiumParticle.png in Resources */,
				01B2C3D44A5B6C7D8E9F0006 /* Assets.xcassets in Resources */,
				01B2C3D44A5B6C7D8E9F0007 /* Rocket.scnassets in Resources */,
				01B2C3D44A5B6C7D8E9F0008 /* Audio in Resources */,
			);
			runOnlyForDeploymentPostprocessing = 0;
		};
/* End PBXResourcesBuildPhase section */

/* Begin PBXSourcesBuildPhase section */
		01B2C3D64A5B6C7D8E9F0001 /* Sources */ = {
			isa = PBXSourcesBuildPhase;
			buildActionMask = 2147483647;
			files = (
				01B2C3D44A5B6C7D8E9F0001 /* RocketSwingApp.swift in Sources */,
				01B2C3D44A5B6C7D8E9F0002 /* ContentView.swift in Sources */,
				01B2C3D44A5B6C7D8E9F0003 /* RocketSwingShortcuts.swift in Sources */,
			);
			runOnlyForDeploymentPostprocessing = 0;
		};
/* End PBXSourcesBuildPhase section */

/* Begin XCBuildConfiguration section */
		01B2C3D94A5B6C7D8E9F0001 /* Debug */ = {
			isa = XCBuildConfiguration;
			buildSettings = {
				ALWAYS_SEARCH_USER_PATHS = NO;
				CLANG_ANALYZER_NONNULL = YES;
				CLANG_ANALYZER_NUMBER_OBJECT_CONVERSION = YES_AGGRESSIVE;
				CLANG_CXX_LANGUAGE_STANDARD = "gnu++20";
				CLANG_ENABLE_MODULES = YES;
				CLANG_ENABLE_OBJC_ARC = YES;
				CLANG_ENABLE_OBJC_WEAK = YES;
				CLANG_WARN_BLOCK_CAPTURE_AUTORELEASING = YES;
				CLANG_WARN_BOOL_CONVERSION = YES;
				CLANG_WARN_COMMA = YES;
				CLANG_WARN_CONSTANT_CONVERSION = YES;
				CLANG_WARN_DEPRECATED_OBJC_IMPLEMENTATIONS = YES;
				CLANG_WARN_DIRECT_OBJC_ISA_USAGE = YES_ERROR;
				CLANG_WARN_DOCUMENTATION_COMMENTS = YES;
				CLANG_WARN_EMPTY_BODY = YES;
				CLANG_WARN_ENUM_CONVERSION = YES;
				CLANG_WARN_INFINITE_RECURSION = YES;
				CLANG_WARN_INT_CONVERSION = YES;
				CLANG_WARN_NON_LITERAL_NULL_CONVERSION = YES;
				CLANG_WARN_OBJC_IMPLICIT_RETAIN_SELF = YES;
				CLANG_WARN_OBJC_LITERAL_CONVERSION = YES;
				CLANG_WARN_OBJC_ROOT_CLASS = YES_ERROR;
				CLANG_WARN_QUOTED_INCLUDE_IN_FRAMEWORK_HEADER = YES;
				CLANG_WARN_RANGE_LOOP_ANALYSIS = YES;
				CLANG_WARN_STRICT_PROTOTYPES = YES;
				CLANG_WARN_SUSPICIOUS_MOVE = YES;
				CLANG_WARN_UNGUARDED_AVAILABILITY = YES_AGGRESSIVE;
				CLANG_WARN_UNREACHABLE_CODE = YES;
				CLANG_WARN__DUPLICATE_METHOD_MATCH = YES;
				COPY_PHASE_STRIP = NO;
				DEBUG_INFORMATION_FORMAT = dwarf;
				ENABLE_STRICT_OBJC_MSGSEND = YES;
				ENABLE_TESTABILITY = YES;
				ENABLE_USER_SCRIPT_SANDBOXING = YES;
				GCC_C_LANGUAGE_STANDARD = gnu17;
				GCC_DYNAMIC_NO_PIC = NO;
				GCC_NO_COMMON_BLOCKS = YES;
				GCC_OPTIMIZATION_LEVEL = 0;
				GCC_PREPROCESSOR_DEFINITIONS = (
					"DEBUG=1",
					"$(inherited)",
				);
				GCC_WARN_64_TO_32_BIT_CONVERSION = YES;
				GCC_WARN_ABOUT_RETURN_TYPE = YES_ERROR;
				GCC_WARN_UNDECLARED_SELECTOR = YES;
				GCC_WARN_UNINITIALIZED_AUTOS = YES_AGGRESSIVE;
				GCC_WARN_UNUSED_FUNCTION = YES;
				GCC_WARN_UNUSED_VARIABLE = YES;
				IPHONEOS_DEPLOYMENT_TARGET = 15.0;
				MTL_ENABLE_DEBUG_INFO = INCLUDE_SOURCE;
				MTL_FAST_MATH = YES;
				SDKROOT = iphoneos;
				SWIFT_ACTIVE_COMPILATION_CONDITIONS = DEBUG;
				SWIFT_OPTIMIZATION_LEVEL = "-Onone";
			};
			name = Debug;
		};
		01B2C3D94A5B6C7D8E9F0002 /* Release */ = {
			isa = XCBuildConfiguration;
			buildSettings = {
				ALWAYS_SEARCH_USER_PATHS = NO;
				CLANG_ANALYZER_NONNULL = YES;
				CLANG_ANALYZER_NUMBER_OBJECT_CONVERSION = YES_AGGRESSIVE;
				CLANG_CXX_LANGUAGE_STANDARD = "gnu++20";
				CLANG_ENABLE_MODULES = YES;
				CLANG_ENABLE_OBJC_ARC = YES;
				CLANG_ENABLE_OBJC_WEAK = YES;
				CLANG_WARN_BLOCK_CAPTURE_AUTORELEASING = YES;
				CLANG_WARN_BOOL_CONVERSION = YES;
				CLANG_WARN_COMMA = YES;
				CLANG_WARN_CONSTANT_CONVERSION = YES;
				CLANG_WARN_DEPRECATED_OBJC_IMPLEMENTATIONS = YES;
				CLANG_WARN_DIRECT_OBJC_ISA_USAGE = YES_ERROR;
				CLANG_WARN_DOCUMENTATION_COMMENTS = YES;
				CLANG_WARN_EMPTY_BODY = YES;
				CLANG_WARN_ENUM_CONVERSION = YES;
				CLANG_WARN_INFINITE_RECURSION = YES;
				CLANG_WARN_INT_CONVERSION = YES;
				CLANG_WARN_NON_LITERAL_NULL_CONVERSION = YES;
				CLANG_WARN_OBJC_IMPLICIT_RETAIN_SELF = YES;
				CLANG_WARN_OBJC_LITERAL_CONVERSION = YES;
				CLANG_WARN_OBJC_ROOT_CLASS = YES_ERROR;
				CLANG_WARN_QUOTED_INCLUDE_IN_FRAMEWORK_HEADER = YES;
				CLANG_WARN_RANGE_LOOP_ANALYSIS = YES;
				CLANG_WARN_STRICT_PROTOTYPES = YES;
				CLANG_WARN_SUSPICIOUS_MOVE = YES;
				CLANG_WARN_UNGUARDED_AVAILABILITY = YES_AGGRESSIVE;
				CLANG_WARN_UNREACHABLE_CODE = YES;
				CLANG_WARN__DUPLICATE_METHOD_MATCH = YES;
				COPY_PHASE_STRIP = NO;
				DEBUG_INFORMATION_FORMAT = "dwarf-with-dsym";
				ENABLE_NS_ASSERTIONS = NO;
				ENABLE_STRICT_OBJC_MSGSEND = YES;
				ENABLE_USER_SCRIPT_SANDBOXING = YES;
				GCC_C_LANGUAGE_STANDARD = gnu17;
				GCC_NO_COMMON_BLOCKS = YES;
				GCC_WARN_64_TO_32_BIT_CONVERSION = YES;
				GCC_WARN_ABOUT_RETURN_TYPE = YES_ERROR;
				GCC_WARN_UNDECLARED_SELECTOR = YES;
				GCC_WARN_UNINITIALIZED_AUTOS = YES_AGGRESSIVE;
				GCC_WARN_UNUSED_FUNCTION = YES;
				GCC_WARN_UNUSED_VARIABLE = YES;
				IPHONEOS_DEPLOYMENT_TARGET = 15.0;
				MTL_ENABLE_DEBUG_INFO = NO;
				MTL_FAST_MATH = YES;
				SDKROOT = iphoneos;
				SWIFT_COMPILATION_MODE = wholemodule;
				VALIDATE_PRODUCT = YES;
			};
			name = Release;
		};
		01B2C3DA4A5B6C7D8E9F0001 /* Debug */ = {
			isa = XCBuildConfiguration;
			buildSettings = {
				ASSETCATALOG_COMPILER_APPICON_NAME = AppIcon;
				CODE_SIGN_STYLE = Automatic;
				CURRENT_PROJECT_VERSION = 1;
				DEVELOPMENT_TEAM = 8P3PDJPWHF;
				ENABLE_APP_SANDBOX = YES;
				ENABLE_HARDENED_RUNTIME = YES;
				ENABLE_OUTGOING_NETWORK_CONNECTIONS = YES;
				ENABLE_PREVIEWS = YES;
				GENERATE_INFOPLIST_FILE = NO;
				INFOPLIST_FILE = RocketSwingApp/Info.plist;
				INFOPLIST_KEY_LSApplicationCategoryType = "public.app-category.games";
				IPHONEOS_DEPLOYMENT_TARGET = 15.0;
				MARKETING_VERSION = 1.0;
				PRODUCT_BUNDLE_IDENTIFIER = com.codex.RocketSwingApp;
				PRODUCT_NAME = "$(TARGET_NAME)";
				REGISTER_APP_GROUPS = YES;
				SUPPORTED_PLATFORMS = "iphoneos iphonesimulator macosx";
				SUPPORTS_MACCATALYST = NO;
				SUPPORTS_MAC_DESIGNED_FOR_IPHONE_IPAD = NO;
				SUPPORTS_XR_DESIGNED_FOR_IPHONE_IPAD = NO;
				SWIFT_EMIT_LOC_STRINGS = YES;
				SWIFT_VERSION = 6.0;
				TARGETED_DEVICE_FAMILY = "1,2";
			};
			name = Debug;
		};
		01B2C3DA4A5B6C7D8E9F0002 /* Release */ = {
			isa = XCBuildConfiguration;
			buildSettings = {
				ASSETCATALOG_COMPILER_APPICON_NAME = AppIcon;
				CODE_SIGN_STYLE = Automatic;
				CURRENT_PROJECT_VERSION = 1;
				DEVELOPMENT_TEAM = 8P3PDJPWHF;
				ENABLE_PREVIEWS = YES;
				GENERATE_INFOPLIST_FILE = NO;
				INFOPLIST_FILE = RocketSwingApp/Info.plist;
				INFOPLIST_KEY_LSApplicationCategoryType = "public.app-category.games";
				IPHONEOS_DEPLOYMENT_TARGET = 15.0;
				MARKETING_VERSION = 1.0;
				PRODUCT_BUNDLE_IDENTIFIER = com.codex.RocketSwingApp;
				PRODUCT_NAME = "$(TARGET_NAME)";
				SUPPORTED_PLATFORMS = "iphoneos iphonesimulator macosx";
				SUPPORTS_MACCATALYST = NO;
				SUPPORTS_MAC_DESIGNED_FOR_IPHONE_IPAD = NO;
				SUPPORTS_XR_DESIGNED_FOR_IPHONE_IPAD = NO;
				SWIFT_EMIT_LOC_STRINGS = YES;
				SWIFT_VERSION = 6.0;
				TARGETED_DEVICE_FAMILY = "1,2";
			};
			name = Release;
		};
/* End XCBuildConfiguration section */

/* Begin XCConfigurationList section */
		01B2C3DB4A5B6C7D8E9F0001 /* Build configuration list for PBXProject "RocketSwingApp" */ = {
			isa = XCConfigurationList;
			buildConfigurations = (
				01B2C3D94A5B6C7D8E9F0001 /* Debug */,
				01B2C3D94A5B6C7D8E9F0002 /* Release */,
			);
			defaultConfigurationIsVisible = 0;
			defaultConfigurationName = Release;
		};
		01B2C3DC4A5B6C7D8E9F0001 /* Build configuration list for PBXNativeTarget "RocketSwingApp" */ = {
			isa = XCConfigurationList;
			buildConfigurations = (
				01B2C3DA4A5B6C7D8E9F0001 /* Debug */,
				01B2C3DA4A5B6C7D8E9F0002 /* Release */,
			);
			defaultConfigurationIsVisible = 0;
			defaultConfigurationName = Release;
		};
/* End XCConfigurationList section */
	};
	rootObject = 01B2C3CF4A5B6C7D8E9F0001 /* Project object */;
}
